
Microsoft Visual Studio Solution File, Format Version 12.00
# Visual Studio Version 18
VisualStudioVersion = 18.3.11312.210
MinimumVisualStudioVersion = 10.0.40219.1
Project("{2150E333-8FDC-42A3-9474-1A3956D46DE8}") = "Root", "Root", "{6530B213-DBC8-4923-9443-189055D992C6}"
	ProjectSection(SolutionItems) = preProject
		.gitignore = .gitignore
		LICENSE = LICENSE
		README.md = README.md
		Run-SystemTests.Config.ps1 = Run-SystemTests.Config.ps1
		Run-SystemTests.ps1 = Run-SystemTests.ps1
	EndProjectSection
EndProject
Project("{2150E333-8FDC-42A3-9474-1A3956D46DE8}") = ".github", ".github", "{65C2C82B-4368-4B45-B4C7-298C5926EEDF}"
EndProject
Project("{2150E333-8FDC-42A3-9474-1A3956D46DE8}") = "workflows", "workflows", "{FB45BF1E-D953-4FF7-8E79-C46B5B355405}"
	ProjectSection(SolutionItems) = preProject
		.github\workflows\acceptance-stage.yml = .github\workflows\acceptance-stage.yml
	EndProjectSection
EndProject
Project("{2150E333-8FDC-42A3-9474-1A3956D46DE8}") = "actions", "actions", "{AD0543BD-1239-42AB-A600-B712D414F066}"
EndProject
Project("{2150E333-8FDC-42A3-9474-1A3956D46DE8}") = "deploy-docker-images", "deploy-docker-images", "{002C24CD-96A9-47D2-9E1B-BFB1C3699FC2}"
	ProjectSection(SolutionItems) = preProject
		.github\actions\deploy-docker-images\action.yml = .github\actions\deploy-docker-images\action.yml
	EndProjectSection
EndProject
Project("{FAE04EC0-301F-11D3-BF4B-00C04F79EFBC}") = "Optivem.Testing.Channels", "Libs\Optivem.Testing.Channels\Optivem.Testing.Channels.csproj", "{FFB1E01C-6DF1-42BC-BC4B-3B01DDF0E0B9}"
EndProject
Project("{FAE04EC0-301F-11D3-BF4B-00C04F79EFBC}") = "Optivem.Testing.Assertions", "Libs\Optivem.Testing.Assertions\Optivem.Testing.Assertions.csproj", "{71D11231-DA49-4F90-9C46-BE0AAE5427D7}"
EndProject
Project("{FAE04EC0-301F-11D3-BF4B-00C04F79EFBC}") = "Optivem.Testing.Channels.Tests", "Libs\Optivem.Testing.Channels.Tests\Optivem.Testing.Channels.Tests.csproj", "{AF98ECDD-B325-26EA-BEFB-593E9B7B6ED0}"
EndProject
Project("{FAE04EC0-301F-11D3-BF4B-00C04F79EFBC}") = "Core.Commons", "Core\Core.Commons\Core.Commons.csproj", "{04B125B0-258F-4DA8-B1F1-4214B4945D94}"
EndProject
Project("{FAE04EC0-301F-11D3-BF4B-00C04F79EFBC}") = "Core.Shop", "Core\Core.Shop\Core.Shop.csproj", "{8F5F23B7-0DA0-41EF-B994-71294FD6AFBA}"
EndProject
Project("{FAE04EC0-301F-11D3-BF4B-00C04F79EFBC}") = "Core.Tax", "Core\Core.Tax\Core.Tax.csproj", "{4FBEAD90-697E-4620-94CB-49ED8FC153C8}"
EndProject
Project("{FAE04EC0-301F-11D3-BF4B-00C04F79EFBC}") = "Core.Erp", "Core\Core.Erp\Core.Erp.csproj", "{2CCE53DA-8189-4B87-A601-121261686691}"
EndProject
Project("{2150E333-8FDC-42A3-9474-1A3956D46DE8}") = "Core", "Core", "{56E2B456-6FAB-410A-B43B-A41342689283}"
EndProject
Project("{2150E333-8FDC-42A3-9474-1A3956D46DE8}") = "Libs", "Libs", "{B0EE7BCE-7C7B-4D9A-9BEC-7F43E5F8816F}"
EndProject
Project("{2150E333-8FDC-42A3-9474-1A3956D46DE8}") = "SystemTests", "SystemTests", "{A6AB4B29-58E6-B0B1-C4C3-A253A400F180}"
EndProject
Project("{FAE04EC0-301F-11D3-BF4B-00C04F79EFBC}") = "SmokeTests", "SystemTests\SmokeTests\SmokeTests.csproj", "{74327E14-D866-4BA2-80FE-E34E08C6A302}"
EndProject
Project("{FAE04EC0-301F-11D3-BF4B-00C04F79EFBC}") = "E2eTests", "SystemTests\E2eTests\E2eTests.csproj", "{D83196F4-27AC-4AF2-B36D-B809950FD142}"
EndProject
Project("{FAE04EC0-301F-11D3-BF4B-00C04F79EFBC}") = "Core.Clock", "Core\Core.Clock\Core.Clock.csproj", "{3DBF5395-115C-4013-AFFD-BB314714735A}"
EndProject
Project("{FAE04EC0-301F-11D3-BF4B-00C04F79EFBC}") = "Dsl.System", "Dsl\Dsl.System\Dsl.System.csproj", "{E378D9B6-2C24-4F60-AE11-9558954FBD97}"
EndProject
Project("{FAE04EC0-301F-11D3-BF4B-00C04F79EFBC}") = "Dsl.Gherkin", "Dsl\Dsl.Gherkin\Dsl.Gherkin.csproj", "{8C3367B8-DAA4-40C1-A2CE-22DE4DB32009}"
EndProject
Project("{FAE04EC0-301F-11D3-BF4B-00C04F79EFBC}") = "TestInfrastructure", "TestInfrastructure\TestInfrastructure.csproj", "{9A1B2C3D-4E5F-6A7B-8C9D-0E1F2A3B4C5D}"
EndProject
Project("{FAE04EC0-301F-11D3-BF4B-00C04F79EFBC}") = "Optivem.Commons", "Optivem.Commons\Optivem.Commons.csproj", "{A7EE5F0A-8DD6-2378-CF07-6BE04EE9164B}"
EndProject
Global
	GlobalSection(SolutionConfigurationPlatforms) = preSolution
		Debug|Any CPU = Debug|Any CPU
		Debug|x64 = Debug|x64
		Debug|x86 = Debug|x86
		Release|Any CPU = Release|Any CPU
		Release|x64 = Release|x64
		Release|x86 = Release|x86
	EndGlobalSection
	GlobalSection(ProjectConfigurationPlatforms) = postSolution
		{FFB1E01C-6DF1-42BC-BC4B-3B01DDF0E0B9}.Debug|Any CPU.ActiveCfg = Debug|Any CPU
		{FFB1E01C-6DF1-42BC-BC4B-3B01DDF0E0B9}.Debug|Any CPU.Build.0 = Debug|Any CPU
		{FFB1E01C-6DF1-42BC-BC4B-3B01DDF0E0B9}.Debug|x64.ActiveCfg = Debug|Any CPU
		{FFB1E01C-6DF1-42BC-BC4B-3B01DDF0E0B9}.Debug|x64.Build.0 = Debug|Any CPU
		{FFB1E01C-6DF1-42BC-BC4B-3B01DDF0E0B9}.Debug|x86.ActiveCfg = Debug|Any CPU
		{FFB1E01C-6DF1-42BC-BC4B-3B01DDF0E0B9}.Debug|x86.Build.0 = Debug|Any CPU
		{FFB1E01C-6DF1-42BC-BC4B-3B01DDF0E0B9}.Release|Any CPU.ActiveCfg = Release|Any CPU
		{FFB1E01C-6DF1-42BC-BC4B-3B01DDF0E0B9}.Release|Any CPU.Build.0 = Release|Any CPU
		{FFB1E01C-6DF1-42BC-BC4B-3B01DDF0E0B9}.Release|x64.ActiveCfg = Release|Any CPU
		{FFB1E01C-6DF1-42BC-BC4B-3B01DDF0E0B9}.Release|x64.Build.0 = Release|Any CPU
		{FFB1E01C-6DF1-42BC-BC4B-3B01DDF0E0B9}.Release|x86.ActiveCfg = Release|Any CPU
		{FFB1E01C-6DF1-42BC-BC4B-3B01DDF0E0B9}.Release|x86.Build.0 = Release|Any CPU
		{71D11231-DA49-4F90-9C46-BE0AAE5427D7}.Debug|Any CPU.ActiveCfg = Debug|Any CPU
		{71D11231-DA49-4F90-9C46-BE0AAE5427D7}.Debug|Any CPU.Build.0 = Debug|Any CPU
		{71D11231-DA49-4F90-9C46-BE0AAE5427D7}.Debug|x64.ActiveCfg = Debug|Any CPU
		{71D11231-DA49-4F90-9C46-BE0AAE5427D7}.Debug|x64.Build.0 = Debug|Any CPU
		{71D11231-DA49-4F90-9C46-BE0AAE5427D7}.Debug|x86.ActiveCfg = Debug|Any CPU
		{71D11231-DA49-4F90-9C46-BE0AAE5427D7}.Debug|x86.Build.0 = Debug|Any CPU
		{71D11231-DA49-4F90-9C46-BE0AAE5427D7}.Release|Any CPU.ActiveCfg = Release|Any CPU
		{71D11231-DA49-4F90-9C46-BE0AAE5427D7}.Release|Any CPU.Build.0 = Release|Any CPU
		{71D11231-DA49-4F90-9C46-BE0AAE5427D7}.Release|x64.ActiveCfg = Release|Any CPU
		{71D11231-DA49-4F90-9C46-BE0AAE5427D7}.Release|x64.Build.0 = Release|Any CPU
		{71D11231-DA49-4F90-9C46-BE0AAE5427D7}.Release|x86.ActiveCfg = Release|Any CPU
		{71D11231-DA49-4F90-9C46-BE0AAE5427D7}.Release|x86.Build.0 = Release|Any CPU
		{AF98ECDD-B325-26EA-BEFB-593E9B7B6ED0}.Debug|Any CPU.ActiveCfg = Debug|Any CPU
		{AF98ECDD-B325-26EA-BEFB-593E9B7B6ED0}.Debug|Any CPU.Build.0 = Debug|Any CPU
		{AF98ECDD-B325-26EA-BEFB-593E9B7B6ED0}.Debug|x64.ActiveCfg = Debug|Any CPU
		{AF98ECDD-B325-26EA-BEFB-593E9B7B6ED0}.Debug|x64.Build.0 = Debug|Any CPU
		{AF98ECDD-B325-26EA-BEFB-593E9B7B6ED0}.Debug|x86.ActiveCfg = Debug|Any CPU
		{AF98ECDD-B325-26EA-BEFB-593E9B7B6ED0}.Debug|x86.Build.0 = Debug|Any CPU
		{AF98ECDD-B325-26EA-BEFB-593E9B7B6ED0}.Release|Any CPU.ActiveCfg = Release|Any CPU
		{AF98ECDD-B325-26EA-BEFB-593E9B7B6ED0}.Release|Any CPU.Build.0 = Release|Any CPU
		{AF98ECDD-B325-26EA-BEFB-593E9B7B6ED0}.Release|x64.ActiveCfg = Release|Any CPU
		{AF98ECDD-B325-26EA-BEFB-593E9B7B6ED0}.Release|x64.Build.0 = Release|Any CPU
		{AF98ECDD-B325-26EA-BEFB-593E9B7B6ED0}.Release|x86.ActiveCfg = Release|Any CPU
		{AF98ECDD-B325-26EA-BEFB-593E9B7B6ED0}.Release|x86.Build.0 = Release|Any CPU
		{04B125B0-258F-4DA8-B1F1-4214B4945D94}.Debug|Any CPU.ActiveCfg = Debug|Any CPU
		{04B125B0-258F-4DA8-B1F1-4214B4945D94}.Debug|Any CPU.Build.0 = Debug|Any CPU
		{04B125B0-258F-4DA8-B1F1-4214B4945D94}.Debug|x64.ActiveCfg = Debug|Any CPU
		{04B125B0-258F-4DA8-B1F1-4214B4945D94}.Debug|x64.Build.0 = Debug|Any CPU
		{04B125B0-258F-4DA8-B1F1-4214B4945D94}.Debug|x86.ActiveCfg = Debug|Any CPU
		{04B125B0-258F-4DA8-B1F1-4214B4945D94}.Debug|x86.Build.0 = Debug|Any CPU
		{04B125B0-258F-4DA8-B1F1-4214B4945D94}.Release|Any CPU.ActiveCfg = Release|Any CPU
		{04B125B0-258F-4DA8-B1F1-4214B4945D94}.Release|Any CPU.Build.0 = Release|Any CPU
		{04B125B0-258F-4DA8-B1F1-4214B4945D94}.Release|x64.ActiveCfg = Release|Any CPU
		{04B125B0-258F-4DA8-B1F1-4214B4945D94}.Release|x64.Build.0 = Release|Any CPU
		{04B125B0-258F-4DA8-B1F1-4214B4945D94}.Release|x86.ActiveCfg = Release|Any CPU
		{04B125B0-258F-4DA8-B1F1-4214B4945D94}.Release|x86.Build.0 = Release|Any CPU
		{8F5F23B7-0DA0-41EF-B994-71294FD6AFBA}.Debug|Any CPU.ActiveCfg = Debug|Any CPU
		{8F5F23B7-0DA0-41EF-B994-71294FD6AFBA}.Debug|Any CPU.Build.0 = Debug|Any CPU
		{8F5F23B7-0DA0-41EF-B994-71294FD6AFBA}.Debug|x64.ActiveCfg = Debug|Any CPU
		{8F5F23B7-0DA0-41EF-B994-71294FD6AFBA}.Debug|x64.Build.0 = Debug|Any CPU
		{8F5F23B7-0DA0-41EF-B994-71294FD6AFBA}.Debug|x86.ActiveCfg = Debug|Any CPU
		{8F5F23B7-0DA0-41EF-B994-71294FD6AFBA}.Debug|x86.Build.0 = Debug|Any CPU
		{8F5F23B7-0DA0-41EF-B994-71294FD6AFBA}.Release|Any CPU.ActiveCfg = Release|Any CPU
		{8F5F23B7-0DA0-41EF-B994-71294FD6AFBA}.Release|Any CPU.Build.0 = Release|Any CPU
		{8F5F23B7-0DA0-41EF-B994-71294FD6AFBA}.Release|x64.ActiveCfg = Release|Any CPU
		{8F5F23B7-0DA0-41EF-B994-71294FD6AFBA}.Release|x64.Build.0 = Release|Any CPU
		{8F5F23B7-0DA0-41EF-B994-71294FD6AFBA}.Release|x86.ActiveCfg = Release|Any CPU
		{8F5F23B7-0DA0-41EF-B994-71294FD6AFBA}.Release|x86.Build.0 = Release|Any CPU
		{4FBEAD90-697E-4620-94CB-49ED8FC153C8}.Debug|Any CPU.ActiveCfg = Debug|Any CPU
		{4FBEAD90-697E-4620-94CB-49ED8FC153C8}.Debug|Any CPU.Build.0 = Debug|Any CPU
		{4FBEAD90-697E-4620-94CB-49ED8FC153C8}.Debug|x64.ActiveCfg = Debug|Any CPU
		{4FBEAD90-697E-4620-94CB-49ED8FC153C8}.Debug|x64.Build.0 = Debug|Any CPU
		{4FBEAD90-697E-4620-94CB-49ED8FC153C8}.Debug|x86.ActiveCfg = Debug|Any CPU
		{4FBEAD90-697E-4620-94CB-49ED8FC153C8}.Debug|x86.Build.0 = Debug|Any CPU
		{4FBEAD90-697E-4620-94CB-49ED8FC153C8}.Release|Any CPU.ActiveCfg = Release|Any CPU
		{4FBEAD90-697E-4620-94CB-49ED8FC153C8}.Release|Any CPU.Build.0 = Release|Any CPU
		{4FBEAD90-697E-4620-94CB-49ED8FC153C8}.Release|x64.ActiveCfg = Release|Any CPU
		{4FBEAD90-697E-4620-94CB-49ED8FC153C8}.Release|x64.Build.0 = Release|Any CPU
		{4FBEAD90-697E-4620-94CB-49ED8FC153C8}.Release|x86.ActiveCfg = Release|Any CPU
		{4FBEAD90-697E-4620-94CB-49ED8FC153C8}.Release|x86.Build.0 = Release|Any CPU
		{2CCE53DA-8189-4B87-A601-121261686691}.Debug|Any CPU.ActiveCfg = Debug|Any CPU
		{2CCE53DA-8189-4B87-A601-121261686691}.Debug|Any CPU.Build.0 = Debug|Any CPU
		{2CCE53DA-8189-4B87-A601-121261686691}.Debug|x64.ActiveCfg = Debug|Any CPU
		{2CCE53DA-8189-4B87-A601-121261686691}.Debug|x64.Build.0 = Debug|Any CPU
		{2CCE53DA-8189-4B87-A601-121261686691}.Debug|x86.ActiveCfg = Debug|Any CPU
		{2CCE53DA-8189-4B87-A601-121261686691}.Debug|x86.Build.0 = Debug|Any CPU
		{2CCE53DA-8189-4B87-A601-121261686691}.Release|Any CPU.ActiveCfg = Release|Any CPU
		{2CCE53DA-8189-4B87-A601-121261686691}.Release|Any CPU.Build.0 = Release|Any CPU
		{2CCE53DA-8189-4B87-A601-121261686691}.Release|x64.ActiveCfg = Release|Any CPU
		{2CCE53DA-8189-4B87-A601-121261686691}.Release|x64.Build.0 = Release|Any CPU
		{2CCE53DA-8189-4B87-A601-121261686691}.Release|x86.ActiveCfg = Release|Any CPU
		{2CCE53DA-8189-4B87-A601-121261686691}.Release|x86.Build.0 = Release|Any CPU
		{74327E14-D866-4BA2-80FE-E34E08C6A302}.Debug|Any CPU.ActiveCfg = Debug|Any CPU
		{74327E14-D866-4BA2-80FE-E34E08C6A302}.Debug|Any CPU.Build.0 = Debug|Any CPU
		{74327E14-D866-4BA2-80FE-E34E08C6A302}.Debug|x64.ActiveCfg = Debug|Any CPU
		{74327E14-D866-4BA2-80FE-E34E08C6A302}.Debug|x64.Build.0 = Debug|Any CPU
		{74327E14-D866-4BA2-80FE-E34E08C6A302}.Debug|x86.ActiveCfg = Debug|Any CPU
		{74327E14-D866-4BA2-80FE-E34E08C6A302}.Debug|x86.Build.0 = Debug|Any CPU
		{74327E14-D866-4BA2-80FE-E34E08C6A302}.Release|Any CPU.ActiveCfg = Release|Any CPU
		{74327E14-D866-4BA2-80FE-E34E08C6A302}.Release|Any CPU.Build.0 = Release|Any CPU
		{74327E14-D866-4BA2-80FE-E34E08C6A302}.Release|x64.ActiveCfg = Release|Any CPU
		{74327E14-D866-4BA2-80FE-E34E08C6A302}.Release|x64.Build.0 = Release|Any CPU
		{74327E14-D866-4BA2-80FE-E34E08C6A302}.Release|x86.ActiveCfg = Release|Any CPU
		{74327E14-D866-4BA2-80FE-E34E08C6A302}.Release|x86.Build.0 = Release|Any CPU
		{D83196F4-27AC-4AF2-B36D-B809950FD142}.Debug|Any CPU.ActiveCfg = Debug|Any CPU
		{D83196F4-27AC-4AF2-B36D-B809950FD142}.Debug|Any CPU.Build.0 = Debug|Any CPU
		{D83196F4-27AC-4AF2-B36D-B809950FD142}.Debug|x64.ActiveCfg = Debug|Any CPU
		{D83196F4-27AC-4AF2-B36D-B809950FD142}.Debug|x64.Build.0 = Debug|Any CPU
		{D83196F4-27AC-4AF2-B36D-B809950FD142}.Debug|x86.ActiveCfg = Debug|Any CPU
		{D83196F4-27AC-4AF2-B36D-B809950FD142}.Debug|x86.Build.0 = Debug|Any CPU
		{D83196F4-27AC-4AF2-B36D-B809950FD142}.Release|Any CPU.ActiveCfg = Release|Any CPU
		{D83196F4-27AC-4AF2-B36D-B809950FD142}.Release|Any CPU.Build.0 = Release|Any CPU
		{D83196F4-27AC-4AF2-B36D-B809950FD142}.Release|x64.ActiveCfg = Release|Any CPU
		{D83196F4-27AC-4AF2-B36D-B809950FD142}.Release|x64.Build.0 = Release|Any CPU
		{D83196F4-27AC-4AF2-B36D-B809950FD142}.Release|x86.ActiveCfg = Release|Any CPU
		{D83196F4-27AC-4AF2-B36D-B809950FD142}.Release|x86.Build.0 = Release|Any CPU
		{3DBF5395-115C-4013-AFFD-BB314714735A}.Debug|Any CPU.ActiveCfg = Debug|Any CPU
		{3DBF5395-115C-4013-AFFD-BB314714735A}.Debug|Any CPU.Build.0 = Debug|Any CPU
		{3DBF5395-115C-4013-AFFD-BB314714735A}.Debug|x64.ActiveCfg = Debug|Any CPU
		{3DBF5395-115C-4013-AFFD-BB314714735A}.Debug|x64.Build.0 = Debug|Any CPU
		{3DBF5395-115C-4013-AFFD-BB314714735A}.Debug|x86.ActiveCfg = Debug|Any CPU
		{3DBF5395-115C-4013-AFFD-BB314714735A}.Debug|x86.Build.0 = Debug|Any CPU
		{3DBF5395-115C-4013-AFFD-BB314714735A}.Release|Any CPU.ActiveCfg = Release|Any CPU
		{3DBF5395-115C-4013-AFFD-BB314714735A}.Release|Any CPU.Build.0 = Release|Any CPU
		{3DBF5395-115C-4013-AFFD-BB314714735A}.Release|x64.ActiveCfg = Release|Any CPU
		{3DBF5395-115C-4013-AFFD-BB314714735A}.Release|x64.Build.0 = Release|Any CPU
		{3DBF5395-115C-4013-AFFD-BB314714735A}.Release|x86.ActiveCfg = Release|Any CPU
		{3DBF5395-115C-4013-AFFD-BB314714735A}.Release|x86.Build.0 = Release|Any CPU
		{E378D9B6-2C24-4F60-AE11-9558954FBD97}.Debug|Any CPU.ActiveCfg = Debug|Any CPU
		{E378D9B6-2C24-4F60-AE11-9558954FBD97}.Debug|Any CPU.Build.0 = Debug|Any CPU
		{E378D9B6-2C24-4F60-AE11-9558954FBD97}.Debug|x64.ActiveCfg = Debug|Any CPU
		{E378D9B6-2C24-4F60-AE11-9558954FBD97}.Debug|x64.Build.0 = Debug|Any CPU
		{E378D9B6-2C24-4F60-AE11-9558954FBD97}.Debug|x86.ActiveCfg = Debug|Any CPU
		{E378D9B6-2C24-4F60-AE11-9558954FBD97}.Debug|x86.Build.0 = Debug|Any CPU
		{E378D9B6-2C24-4F60-AE11-9558954FBD97}.Release|Any CPU.ActiveCfg = Release|Any CPU
		{E378D9B6-2C24-4F60-AE11-9558954FBD97}.Release|Any CPU.Build.0 = Release|Any CPU
		{E378D9B6-2C24-4F60-AE11-9558954FBD97}.Release|x64.ActiveCfg = Release|Any CPU
		{E378D9B6-2C24-4F60-AE11-9558954FBD97}.Release|x64.Build.0 = Release|Any CPU
		{E378D9B6-2C24-4F60-AE11-9558954FBD97}.Release|x86.ActiveCfg = Release|Any CPU
		{E378D9B6-2C24-4F60-AE11-9558954FBD97}.Release|x86.Build.0 = Release|Any CPU
		{8C3367B8-DAA4-40C1-A2CE-22DE4DB32009}.Debug|Any CPU.ActiveCfg = Debug|Any CPU
		{8C3367B8-DAA4-40C1-A2CE-22DE4DB32009}.Debug|Any CPU.Build.0 = Debug|Any CPU
		{8C3367B8-DAA4-40C1-A2CE-22DE4DB32009}.Debug|x64.ActiveCfg = Debug|Any CPU
		{8C3367B8-DAA4-40C1-A2CE-22DE4DB32009}.Debug|x64.Build.0 = Debug|Any CPU
		{8C3367B8-DAA4-40C1-A2CE-22DE4DB32009}.Debug|x86.ActiveCfg = Debug|Any CPU
		{8C3367B8-DAA4-40C1-A2CE-22DE4DB32009}.Debug|x86.Build.0 = Debug|Any CPU
		{8C3367B8-DAA4-40C1-A2CE-22DE4DB32009}.Release|Any CPU.ActiveCfg = Release|Any CPU
		{8C3367B8-DAA4-40C1-A2CE-22DE4DB32009}.Release|Any CPU.Build.0 = Release|Any CPU
		{8C3367B8-DAA4-40C1-A2CE-22DE4DB32009}.Release|x64.ActiveCfg = Release|Any CPU
		{8C3367B8-DAA4-40C1-A2CE-22DE4DB32009}.Release|x64.Build.0 = Release|Any CPU
		{8C3367B8-DAA4-40C1-A2CE-22DE4DB32009}.Release|x86.ActiveCfg = Release|Any CPU
		{8C3367B8-DAA4-40C1-A2CE-22DE4DB32009}.Release|x86.Build.0 = Release|Any CPU
		{9A1B2C3D-4E5F-6A7B-8C9D-0E1F2A3B4C5D}.Debug|Any CPU.ActiveCfg = Debug|Any CPU
		{9A1B2C3D-4E5F-6A7B-8C9D-0E1F2A3B4C5D}.Debug|Any CPU.Build.0 = Debug|Any CPU
		{9A1B2C3D-4E5F-6A7B-8C9D-0E1F2A3B4C5D}.Debug|x64.ActiveCfg = Debug|Any CPU
		{9A1B2C3D-4E5F-6A7B-8C9D-0E1F2A3B4C5D}.Debug|x64.Build.0 = Debug|Any CPU
		{9A1B2C3D-4E5F-6A7B-8C9D-0E1F2A3B4C5D}.Debug|x86.ActiveCfg = Debug|Any CPU
		{9A1B2C3D-4E5F-6A7B-8C9D-0E1F2A3B4C5D}.Debug|x86.Build.0 = Debug|Any CPU
		{9A1B2C3D-4E5F-6A7B-8C9D-0E1F2A3B4C5D}.Release|Any CPU.ActiveCfg = Release|Any CPU
		{9A1B2C3D-4E5F-6A7B-8C9D-0E1F2A3B4C5D}.Release|Any CPU.Build.0 = Release|Any CPU
		{9A1B2C3D-4E5F-6A7B-8C9D-0E1F2A3B4C5D}.Release|x64.ActiveCfg = Release|Any CPU
		{9A1B2C3D-4E5F-6A7B-8C9D-0E1F2A3B4C5D}.Release|x64.Build.0 = Release|Any CPU
		{9A1B2C3D-4E5F-6A7B-8C9D-0E1F2A3B4C5D}.Release|x86.ActiveCfg = Release|Any CPU
		{9A1B2C3D-4E5F-6A7B-8C9D-0E1F2A3B4C5D}.Release|x86.Build.0 = Release|Any CPU
		{A7EE5F0A-8DD6-2378-CF07-6BE04EE9164B}.Debug|Any CPU.ActiveCfg = Debug|Any CPU
		{A7EE5F0A-8DD6-2378-CF07-6BE04EE9164B}.Debug|Any CPU.Build.0 = Debug|Any CPU
		{A7EE5F0A-8DD6-2378-CF07-6BE04EE9164B}.Debug|x64.ActiveCfg = Debug|Any CPU
		{A7EE5F0A-8DD6-2378-CF07-6BE04EE9164B}.Debug|x64.Build.0 = Debug|Any CPU
		{A7EE5F0A-8DD6-2378-CF07-6BE04EE9164B}.Debug|x86.ActiveCfg = Debug|Any CPU
		{A7EE5F0A-8DD6-2378-CF07-6BE04EE9164B}.Debug|x86.Build.0 = Debug|Any CPU
		{A7EE5F0A-8DD6-2378-CF07-6BE04EE9164B}.Release|Any CPU.ActiveCfg = Release|Any CPU
		{A7EE5F0A-8DD6-2378-CF07-6BE04EE9164B}.Release|Any CPU.Build.0 = Release|Any CPU
		{A7EE5F0A-8DD6-2378-CF07-6BE04EE9164B}.Release|x64.ActiveCfg = Release|Any CPU
		{A7EE5F0A-8DD6-2378-CF07-6BE04EE9164B}.Release|x64.Build.0 = Release|Any CPU
		{A7EE5F0A-8DD6-2378-CF07-6BE04EE9164B}.Release|x86.ActiveCfg = Release|Any CPU
		{A7EE5F0A-8DD6-2378-CF07-6BE04EE9164B}.Release|x86.Build.0 = Release|Any CPU
	EndGlobalSection
	GlobalSection(SolutionProperties) = preSolution
		HideSolutionNode = FALSE
	EndGlobalSection
	GlobalSection(NestedProjects) = preSolution
		{65C2C82B-4368-4B45-B4C7-298C5926EEDF} = {6530B213-DBC8-4923-9443-189055D992C6}
		{FB45BF1E-D953-4FF7-8E79-C46B5B355405} = {65C2C82B-4368-4B45-B4C7-298C5926EEDF}
		{AD0543BD-1239-42AB-A600-B712D414F066} = {65C2C82B-4368-4B45-B4C7-298C5926EEDF}
		{002C24CD-96A9-47D2-9E1B-BFB1C3699FC2} = {AD0543BD-1239-42AB-A600-B712D414F066}
		{FFB1E01C-6DF1-42BC-BC4B-3B01DDF0E0B9} = {B0EE7BCE-7C7B-4D9A-9BEC-7F43E5F8816F}
		{04B125B0-258F-4DA8-B1F1-4214B4945D94} = {56E2B456-6FAB-410A-B43B-A41342689283}
		{8F5F23B7-0DA0-41EF-B994-71294FD6AFBA} = {56E2B456-6FAB-410A-B43B-A41342689283}
		{4FBEAD90-697E-4620-94CB-49ED8FC153C8} = {56E2B456-6FAB-410A-B43B-A41342689283}
		{2CCE53DA-8189-4B87-A601-121261686691} = {56E2B456-6FAB-410A-B43B-A41342689283}
		{74327E14-D866-4BA2-80FE-E34E08C6A302} = {A6AB4B29-58E6-B0B1-C4C3-A253A400F180}
		{D83196F4-27AC-4AF2-B36D-B809950FD142} = {A6AB4B29-58E6-B0B1-C4C3-A253A400F180}
		{3DBF5395-115C-4013-AFFD-BB314714735A} = {56E2B456-6FAB-410A-B43B-A41342689283}
	EndGlobalSection
	GlobalSection(ExtensibilityGlobals) = postSolution
		SolutionGuid = {97F54CAA-F817-4D8A-9111-B42319504E01}
	EndGlobalSection
EndGlobal
